// !$*UTF8*$!
{
	archiveVersion = 1;
	classes = {
	};
	objectVersion = 46;
	objects = {

/* Begin PBXBuildFile section */
		DC18856B1EA74C4300343356 /* AxziplinNet.h in Headers */ = {isa = PBXBuildFile; fileRef = DC1885691EA74C4300343356 /* AxziplinNet.h */; settings = {ATTRIBUTES = (Public, ); }; };
		DC1885701EA74DD000343356 /* AxziplinNet.swift in Sources */ = {isa = PBXBuildFile; fileRef = DC18856F1EA74DD000343356 /* AxziplinNet.swift */; };
		DC1885721EA74E7500343356 /* Session.swift in Sources */ = {isa = PBXBuildFile; fileRef = DC1885711EA74E7500343356 /* Session.swift */; };
		DC1885741EA7540100343356 /* SessionDelegate.swift in Sources */ = {isa = PBXBuildFile; fileRef = DC1885731EA7540100343356 /* SessionDelegate.swift */; };
		DC9CAA0E1EA7A17F002D5F03 /* SessionDelegate.swift in Sources */ = {isa = PBXBuildFile; fileRef = DC1885731EA7540100343356 /* SessionDelegate.swift */; };
		DC9CAA0F1EA7A17F002D5F03 /* Session.swift in Sources */ = {isa = PBXBuildFile; fileRef = DC1885711EA74E7500343356 /* Session.swift */; };
		DC9CAA101EA7A17F002D5F03 /* AxziplinNet.swift in Sources */ = {isa = PBXBuildFile; fileRef = DC18856F1EA74DD000343356 /* AxziplinNet.swift */; };
		DC9CAA131EA7A17F002D5F03 /* AxziplinNet.h in Headers */ = {isa = PBXBuildFile; fileRef = DC1885691EA74C4300343356 /* AxziplinNet.h */; settings = {ATTRIBUTES = (Public, ); }; };
		DCCC708B1EA9D84F00F689BF /* Request.swift in Sources */ = {isa = PBXBuildFile; fileRef = DCCC708A1EA9D84F00F689BF /* Request.swift */; };
		DCCC708C1EA9D91200F689BF /* Request.swift in Sources */ = {isa = PBXBuildFile; fileRef = DCCC708A1EA9D84F00F689BF /* Request.swift */; };
		DCCC708E1EA9DF1700F689BF /* AxziplinError.swift in Sources */ = {isa = PBXBuildFile; fileRef = DCCC708D1EA9DF1700F689BF /* AxziplinError.swift */; };
		DCD9B5E81EA7847500DDB021 /* Tests.swift in Sources */ = {isa = PBXBuildFile; fileRef = DCD9B5E71EA7847500DDB021 /* Tests.swift */; };
		DCD9B5EA1EA7847500DDB021 /* AxziplinNet.framework in Frameworks */ = {isa = PBXBuildFile; fileRef = DC1885251EA7458C00343356 /* AxziplinNet.framework */; };
		DCD9B5F11EA7855300DDB021 /* SessionDelegateTests.swift in Sources */ = {isa = PBXBuildFile; fileRef = DCD9B5F01EA7855300DDB021 /* SessionDelegateTests.swift */; };
/* End PBXBuildFile section */

/* Begin PBXContainerItemProxy section */
		DCD9B5EB1EA7847500DDB021 /* PBXContainerItemProxy */ = {
			isa = PBXContainerItemProxy;
			containerPortal = DC18851C1EA7458C00343356 /* Project object */;
			proxyType = 1;
			remoteGlobalIDString = DC1885241EA7458C00343356;
			remoteInfo = AxziplinNet;
		};
/* End PBXContainerItemProxy section */

/* Begin PBXFileReference section */
		DC1885251EA7458C00343356 /* AxziplinNet.framework */ = {isa = PBXFileReference; explicitFileType = wrapper.framework; includeInIndex = 0; path = AxziplinNet.framework; sourceTree = BUILT_PRODUCTS_DIR; };
		DC1885691EA74C4300343356 /* AxziplinNet.h */ = {isa = PBXFileReference; fileEncoding = 4; lastKnownFileType = sourcecode.c.h; path = AxziplinNet.h; sourceTree = "<group>"; };
		DC18856A1EA74C4300343356 /* Info.plist */ = {isa = PBXFileReference; fileEncoding = 4; lastKnownFileType = text.plist.xml; path = Info.plist; sourceTree = "<group>"; };
		DC18856F1EA74DD000343356 /* AxziplinNet.swift */ = {isa = PBXFileReference; fileEncoding = 4; lastKnownFileType = sourcecode.swift; path = AxziplinNet.swift; sourceTree = "<group>"; };
		DC1885711EA74E7500343356 /* Session.swift */ = {isa = PBXFileReference; fileEncoding = 4; lastKnownFileType = sourcecode.swift; path = Session.swift; sourceTree = "<group>"; };
		DC1885731EA7540100343356 /* SessionDelegate.swift */ = {isa = PBXFileReference; fileEncoding = 4; lastKnownFileType = sourcecode.swift; path = SessionDelegate.swift; sourceTree = "<group>"; };
		DC9CAA181EA7A17F002D5F03 /* AxziplinNet.framework */ = {isa = PBXFileReference; explicitFileType = wrapper.framework; includeInIndex = 0; path = AxziplinNet.framework; sourceTree = BUILT_PRODUCTS_DIR; };
		DCCC708A1EA9D84F00F689BF /* Request.swift */ = {isa = PBXFileReference; fileEncoding = 4; lastKnownFileType = sourcecode.swift; path = Request.swift; sourceTree = "<group>"; };
		DCCC708D1EA9DF1700F689BF /* AxziplinError.swift */ = {isa = PBXFileReference; fileEncoding = 4; lastKnownFileType = sourcecode.swift; path = AxziplinError.swift; sourceTree = "<group>"; };
		DCD9B5E51EA7847500DDB021 /* Tests.xctest */ = {isa = PBXFileReference; explicitFileType = wrapper.cfbundle; includeInIndex = 0; path = Tests.xctest; sourceTree = BUILT_PRODUCTS_DIR; };
		DCD9B5E71EA7847500DDB021 /* Tests.swift */ = {isa = PBXFileReference; lastKnownFileType = sourcecode.swift; path = Tests.swift; sourceTree = "<group>"; };
		DCD9B5E91EA7847500DDB021 /* Info.plist */ = {isa = PBXFileReference; lastKnownFileType = text.plist.xml; path = Info.plist; sourceTree = "<group>"; };
		DCD9B5F01EA7855300DDB021 /* SessionDelegateTests.swift */ = {isa = PBXFileReference; fileEncoding = 4; lastKnownFileType = sourcecode.swift; path = SessionDelegateTests.swift; sourceTree = "<group>"; };
/* End PBXFileReference section */

/* Begin PBXFrameworksBuildPhase section */
		DC1885211EA7458C00343356 /* Frameworks */ = {
			isa = PBXFrameworksBuildPhase;
			buildActionMask = 2147483647;
			files = (
			);
			runOnlyForDeploymentPostprocessing = 0;
		};
		DC9CAA111EA7A17F002D5F03 /* Frameworks */ = {
			isa = PBXFrameworksBuildPhase;
			buildActionMask = 2147483647;
			files = (
			);
			runOnlyForDeploymentPostprocessing = 0;
		};
		DCD9B5E21EA7847500DDB021 /* Frameworks */ = {
			isa = PBXFrameworksBuildPhase;
			buildActionMask = 2147483647;
			files = (
				DCD9B5EA1EA7847500DDB021 /* AxziplinNet.framework in Frameworks */,
			);
			runOnlyForDeploymentPostprocessing = 0;
		};
/* End PBXFrameworksBuildPhase section */

/* Begin PBXGroup section */
		DC18851B1EA7458C00343356 = {
			isa = PBXGroup;
			children = (
				DC18853F1EA745A600343356 /* Source */,
				DC1885681EA74C4300343356 /* Supporting Files */,
				DCD9B5E61EA7847500DDB021 /* Tests */,
				DC1885261EA7458C00343356 /* Products */,
			);
			sourceTree = "<group>";
		};
		DC1885261EA7458C00343356 /* Products */ = {
			isa = PBXGroup;
			children = (
				DC1885251EA7458C00343356 /* AxziplinNet.framework */,
				DCD9B5E51EA7847500DDB021 /* Tests.xctest */,
				DC9CAA181EA7A17F002D5F03 /* AxziplinNet.framework */,
			);
			name = Products;
			sourceTree = "<group>";
		};
		DC18853F1EA745A600343356 /* Source */ = {
			isa = PBXGroup;
			children = (
				DC18856F1EA74DD000343356 /* AxziplinNet.swift */,
				DCCC708D1EA9DF1700F689BF /* AxziplinError.swift */,
				DC1885711EA74E7500343356 /* Session.swift */,
				DCCC708A1EA9D84F00F689BF /* Request.swift */,
				DC1885731EA7540100343356 /* SessionDelegate.swift */,
			);
			path = Source;
			sourceTree = "<group>";
		};
		DC1885681EA74C4300343356 /* Supporting Files */ = {
			isa = PBXGroup;
			children = (
				DC1885691EA74C4300343356 /* AxziplinNet.h */,
				DC18856A1EA74C4300343356 /* Info.plist */,
			);
			path = "Supporting Files";
			sourceTree = "<group>";
		};
		DCD9B5E61EA7847500DDB021 /* Tests */ = {
			isa = PBXGroup;
			children = (
				DCD9B5E71EA7847500DDB021 /* Tests.swift */,
				DCD9B5F01EA7855300DDB021 /* SessionDelegateTests.swift */,
				DCD9B5E91EA7847500DDB021 /* Info.plist */,
			);
			path = Tests;
			sourceTree = "<group>";
		};
/* End PBXGroup section */

/* Begin PBXHeadersBuildPhase section */
		DC1885221EA7458C00343356 /* Headers */ = {
			isa = PBXHeadersBuildPhase;
			buildActionMask = 2147483647;
			files = (
				DC18856B1EA74C4300343356 /* AxziplinNet.h in Headers */,
			);
			runOnlyForDeploymentPostprocessing = 0;
		};
		DC9CAA121EA7A17F002D5F03 /* Headers */ = {
			isa = PBXHeadersBuildPhase;
			buildActionMask = 2147483647;
			files = (
				DC9CAA131EA7A17F002D5F03 /* AxziplinNet.h in Headers */,
			);
			runOnlyForDeploymentPostprocessing = 0;
		};
/* End PBXHeadersBuildPhase section */

/* Begin PBXNativeTarget section */
		DC1885241EA7458C00343356 /* AxziplinNet */ = {
			isa = PBXNativeTarget;
			buildConfigurationList = DC1885391EA7458C00343356 /* Build configuration list for PBXNativeTarget "AxziplinNet" */;
			buildPhases = (
				DC1885201EA7458C00343356 /* Sources */,
				DC1885211EA7458C00343356 /* Frameworks */,
				DC1885221EA7458C00343356 /* Headers */,
				DC1885231EA7458C00343356 /* Resources */,
			);
			buildRules = (
			);
			dependencies = (
			);
			name = AxziplinNet;
			productName = AxziplinNet;
			productReference = DC1885251EA7458C00343356 /* AxziplinNet.framework */;
			productType = "com.apple.product-type.framework";
		};
		DC9CAA0C1EA7A17F002D5F03 /* AxziplinNet iOS */ = {
			isa = PBXNativeTarget;
			buildConfigurationList = DC9CAA151EA7A17F002D5F03 /* Build configuration list for PBXNativeTarget "AxziplinNet iOS" */;
			buildPhases = (
				DC9CAA0D1EA7A17F002D5F03 /* Sources */,
				DC9CAA111EA7A17F002D5F03 /* Frameworks */,
				DC9CAA121EA7A17F002D5F03 /* Headers */,
				DC9CAA141EA7A17F002D5F03 /* Resources */,
			);
			buildRules = (
			);
			dependencies = (
			);
			name = "AxziplinNet iOS";
			productName = AxziplinNet;
			productReference = DC9CAA181EA7A17F002D5F03 /* AxziplinNet.framework */;
			productType = "com.apple.product-type.framework";
		};
		DCD9B5E41EA7847500DDB021 /* Tests */ = {
			isa = PBXNativeTarget;
			buildConfigurationList = DCD9B5EF1EA7847500DDB021 /* Build configuration list for PBXNativeTarget "Tests" */;
			buildPhases = (
				DCD9B5E11EA7847500DDB021 /* Sources */,
				DCD9B5E21EA7847500DDB021 /* Frameworks */,
				DCD9B5E31EA7847500DDB021 /* Resources */,
			);
			buildRules = (
			);
			dependencies = (
				DCD9B5EC1EA7847500DDB021 /* PBXTargetDependency */,
			);
			name = Tests;
			productName = Tests;
			productReference = DCD9B5E51EA7847500DDB021 /* Tests.xctest */;
			productType = "com.apple.product-type.bundle.unit-test";
		};
/* End PBXNativeTarget section */

/* Begin PBXProject section */
		DC18851C1EA7458C00343356 /* Project object */ = {
			isa = PBXProject;
			attributes = {
				LastSwiftUpdateCheck = 0830;
				LastUpgradeCheck = 0830;
				ORGANIZATIONNAME = devedbox;
				TargetAttributes = {
					DC1885241EA7458C00343356 = {
						CreatedOnToolsVersion = 8.3;
						DevelopmentTeam = 67DW4J3U7D;
						LastSwiftMigration = 0830;
						ProvisioningStyle = Automatic;
					};
					DC9CAA0C1EA7A17F002D5F03 = {
						DevelopmentTeam = 67DW4J3U7D;
					};
					DCD9B5E41EA7847500DDB021 = {
						CreatedOnToolsVersion = 8.3.1;
						DevelopmentTeam = TKA48YVS5T;
						ProvisioningStyle = Automatic;
					};
				};
			};
			buildConfigurationList = DC18851F1EA7458C00343356 /* Build configuration list for PBXProject "AxziplinNet" */;
			compatibilityVersion = "Xcode 3.2";
			developmentRegion = English;
			hasScannedForEncodings = 0;
			knownRegions = (
				en,
			);
			mainGroup = DC18851B1EA7458C00343356;
			productRefGroup = DC1885261EA7458C00343356 /* Products */;
			projectDirPath = "";
			projectRoot = "";
			targets = (
				DC1885241EA7458C00343356 /* AxziplinNet */,
				DCD9B5E41EA7847500DDB021 /* Tests */,
				DC9CAA0C1EA7A17F002D5F03 /* AxziplinNet iOS */,
			);
		};
/* End PBXProject section */

/* Begin PBXResourcesBuildPhase section */
		DC1885231EA7458C00343356 /* Resources */ = {
			isa = PBXResourcesBuildPhase;
			buildActionMask = 2147483647;
			files = (
			);
			runOnlyForDeploymentPostprocessing = 0;
		};
		DC9CAA141EA7A17F002D5F03 /* Resources */ = {
			isa = PBXResourcesBuildPhase;
			buildActionMask = 2147483647;
			files = (
			);
			runOnlyForDeploymentPostprocessing = 0;
		};
		DCD9B5E31EA7847500DDB021 /* Resources */ = {
			isa = PBXResourcesBuildPhase;
			buildActionMask = 2147483647;
			files = (
			);
			runOnlyForDeploymentPostprocessing = 0;
		};
/* End PBXResourcesBuildPhase section */

/* Begin PBXSourcesBuildPhase section */
		DC1885201EA7458C00343356 /* Sources */ = {
			isa = PBXSourcesBuildPhase;
			buildActionMask = 2147483647;
			files = (
				DCCC708E1EA9DF1700F689BF /* AxziplinError.swift in Sources */,
				DC1885741EA7540100343356 /* SessionDelegate.swift in Sources */,
				DCCC708B1EA9D84F00F689BF /* Request.swift in Sources */,
				DC1885721EA74E7500343356 /* Session.swift in Sources */,
				DC1885701EA74DD000343356 /* AxziplinNet.swift in Sources */,
			);
			runOnlyForDeploymentPostprocessing = 0;
		};
		DC9CAA0D1EA7A17F002D5F03 /* Sources */ = {
			isa = PBXSourcesBuildPhase;
			buildActionMask = 2147483647;
			files = (
				DCCC708C1EA9D91200F689BF /* Request.swift in Sources */,
				DC9CAA0E1EA7A17F002D5F03 /* SessionDelegate.swift in Sources */,
				DC9CAA0F1EA7A17F002D5F03 /* Session.swift in Sources */,
				DC9CAA101EA7A17F002D5F03 /* AxziplinNet.swift in Sources */,
			);
			runOnlyForDeploymentPostprocessing = 0;
		};
		DCD9B5E11EA7847500DDB021 /* Sources */ = {
			isa = PBXSourcesBuildPhase;
			buildActionMask = 2147483647;
			files = (
				DCD9B5E81EA7847500DDB021 /* Tests.swift in Sources */,
				DCD9B5F11EA7855300DDB021 /* SessionDelegateTests.swift in Sources */,
			);
			runOnlyForDeploymentPostprocessing = 0;
		};
/* End PBXSourcesBuildPhase section */

/* Begin PBXTargetDependency section */
		DCD9B5EC1EA7847500DDB021 /* PBXTargetDependency */ = {
			isa = PBXTargetDependency;
			target = DC1885241EA7458C00343356 /* AxziplinNet */;
			targetProxy = DCD9B5EB1EA7847500DDB021 /* PBXContainerItemProxy */;
		};
/* End PBXTargetDependency section */

/* Begin XCBuildConfiguration section */
		DC1885371EA7458C00343356 /* Debug */ = {
			isa = XCBuildConfiguration;
			buildSettings = {
				ALWAYS_SEARCH_USER_PATHS = NO;
				CLANG_ANALYZER_NONNULL = YES;
				CLANG_ANALYZER_NUMBER_OBJECT_CONVERSION = YES_AGGRESSIVE;
				CLANG_CXX_LANGUAGE_STANDARD = "gnu++0x";
				CLANG_CXX_LIBRARY = "libc++";
				CLANG_ENABLE_MODULES = YES;
				CLANG_ENABLE_OBJC_ARC = YES;
				CLANG_WARN_BOOL_CONVERSION = YES;
				CLANG_WARN_CONSTANT_CONVERSION = YES;
				CLANG_WARN_DIRECT_OBJC_ISA_USAGE = YES_ERROR;
				CLANG_WARN_DOCUMENTATION_COMMENTS = YES;
				CLANG_WARN_EMPTY_BODY = YES;
				CLANG_WARN_ENUM_CONVERSION = YES;
				CLANG_WARN_INFINITE_RECURSION = YES;
				CLANG_WARN_INT_CONVERSION = YES;
				CLANG_WARN_OBJC_ROOT_CLASS = YES_ERROR;
				CLANG_WARN_SUSPICIOUS_MOVE = YES;
				CLANG_WARN_UNREACHABLE_CODE = YES;
				CLANG_WARN__DUPLICATE_METHOD_MATCH = YES;
				CODE_SIGN_IDENTITY = "-";
				COPY_PHASE_STRIP = NO;
				CURRENT_PROJECT_VERSION = 1;
				DEBUG_INFORMATION_FORMAT = dwarf;
				ENABLE_STRICT_OBJC_MSGSEND = YES;
				ENABLE_TESTABILITY = YES;
				GCC_C_LANGUAGE_STANDARD = gnu99;
				GCC_DYNAMIC_NO_PIC = NO;
				GCC_NO_COMMON_BLOCKS = YES;
				GCC_OPTIMIZATION_LEVEL = 0;
				GCC_PREPROCESSOR_DEFINITIONS = (
					"DEBUG=1",
					"$(inherited)",
				);
				GCC_WARN_64_TO_32_BIT_CONVERSION = YES;
				GCC_WARN_ABOUT_RETURN_TYPE = YES_ERROR;
				GCC_WARN_UNDECLARED_SELECTOR = YES;
				GCC_WARN_UNINITIALIZED_AUTOS = YES_AGGRESSIVE;
				GCC_WARN_UNUSED_FUNCTION = YES;
				GCC_WARN_UNUSED_VARIABLE = YES;
				MACOSX_DEPLOYMENT_TARGET = 10.12;
				MTL_ENABLE_DEBUG_INFO = YES;
				ONLY_ACTIVE_ARCH = YES;
				SDKROOT = macosx;
				SWIFT_ACTIVE_COMPILATION_CONDITIONS = DEBUG;
				SWIFT_OPTIMIZATION_LEVEL = "-Onone";
				VERSIONING_SYSTEM = "apple-generic";
				VERSION_INFO_PREFIX = "";
			};
			name = Debug;
		};
		DC1885381EA7458C00343356 /* Release */ = {
			isa = XCBuildConfiguration;
			buildSettings = {
				ALWAYS_SEARCH_USER_PATHS = NO;
				CLANG_ANALYZER_NONNULL = YES;
				CLANG_ANALYZER_NUMBER_OBJECT_CONVERSION = YES_AGGRESSIVE;
				CLANG_CXX_LANGUAGE_STANDARD = "gnu++0x";
				CLANG_CXX_LIBRARY = "libc++";
				CLANG_ENABLE_MODULES = YES;
				CLANG_ENABLE_OBJC_ARC = YES;
				CLANG_WARN_BOOL_CONVERSION = YES;
				CLANG_WARN_CONSTANT_CONVERSION = YES;
				CLANG_WARN_DIRECT_OBJC_ISA_USAGE = YES_ERROR;
				CLANG_WARN_DOCUMENTATION_COMMENTS = YES;
				CLANG_WARN_EMPTY_BODY = YES;
				CLANG_WARN_ENUM_CONVERSION = YES;
				CLANG_WARN_INFINITE_RECURSION = YES;
				CLANG_WARN_INT_CONVERSION = YES;
				CLANG_WARN_OBJC_ROOT_CLASS = YES_ERROR;
				CLANG_WARN_SUSPICIOUS_MOVE = YES;
				CLANG_WARN_UNREACHABLE_CODE = YES;
				CLANG_WARN__DUPLICATE_METHOD_MATCH = YES;
				CODE_SIGN_IDENTITY = "-";
				COPY_PHASE_STRIP = NO;
				CURRENT_PROJECT_VERSION = 1;
				DEBUG_INFORMATION_FORMAT = "dwarf-with-dsym";
				ENABLE_NS_ASSERTIONS = NO;
				ENABLE_STRICT_OBJC_MSGSEND = YES;
				GCC_C_LANGUAGE_STANDARD = gnu99;
				GCC_NO_COMMON_BLOCKS = YES;
				GCC_WARN_64_TO_32_BIT_CONVERSION = YES;
				GCC_WARN_ABOUT_RETURN_TYPE = YES_ERROR;
				GCC_WARN_UNDECLARED_SELECTOR = YES;
				GCC_WARN_UNINITIALIZED_AUTOS = YES_AGGRESSIVE;
				GCC_WARN_UNUSED_FUNCTION = YES;
				GCC_WARN_UNUSED_VARIABLE = YES;
				MACOSX_DEPLOYMENT_TARGET = 10.12;
				MTL_ENABLE_DEBUG_INFO = NO;
				SDKROOT = macosx;
				SWIFT_OPTIMIZATION_LEVEL = "-Owholemodule";
				VERSIONING_SYSTEM = "apple-generic";
				VERSION_INFO_PREFIX = "";
			};
			name = Release;
		};
		DC18853A1EA7458C00343356 /* Debug */ = {
			isa = XCBuildConfiguration;
			buildSettings = {
				CLANG_ENABLE_MODULES = YES;
				CODE_SIGN_IDENTITY = "";
				COMBINE_HIDPI_IMAGES = YES;
				DEFINES_MODULE = YES;
				DEVELOPMENT_TEAM = 67DW4J3U7D;
				DYLIB_COMPATIBILITY_VERSION = 1;
				DYLIB_CURRENT_VERSION = 1;
				DYLIB_INSTALL_NAME_BASE = "@rpath";
				FRAMEWORK_VERSION = A;
				INFOPLIST_FILE = "$(SRCROOT)/Supporting Files/Info.plist";
				INSTALL_PATH = "$(LOCAL_LIBRARY_DIR)/Frameworks";
				LD_RUNPATH_SEARCH_PATHS = "$(inherited) @executable_path/../Frameworks @loader_path/Frameworks";
				PRODUCT_BUNDLE_IDENTIFIER = devedbox.AxziplinNet;
				PRODUCT_NAME = "$(TARGET_NAME)";
				SKIP_INSTALL = YES;
				SWIFT_INCLUDE_PATHS = "$(PROJECT_DIR)/Source/AxziplinNet.h";
				SWIFT_OPTIMIZATION_LEVEL = "-Onone";
				SWIFT_VERSION = 3.0;
			};
			name = Debug;
		};
		DC18853B1EA7458C00343356 /* Release */ = {
			isa = XCBuildConfiguration;
			buildSettings = {
				CLANG_ENABLE_MODULES = YES;
				CODE_SIGN_IDENTITY = "";
				COMBINE_HIDPI_IMAGES = YES;
				DEFINES_MODULE = YES;
				DEVELOPMENT_TEAM = 67DW4J3U7D;
				DYLIB_COMPATIBILITY_VERSION = 1;
				DYLIB_CURRENT_VERSION = 1;
				DYLIB_INSTALL_NAME_BASE = "@rpath";
				FRAMEWORK_VERSION = A;
				INFOPLIST_FILE = "$(SRCROOT)/Supporting Files/Info.plist";
				INSTALL_PATH = "$(LOCAL_LIBRARY_DIR)/Frameworks";
				LD_RUNPATH_SEARCH_PATHS = "$(inherited) @executable_path/../Frameworks @loader_path/Frameworks";
				PRODUCT_BUNDLE_IDENTIFIER = devedbox.AxziplinNet;
				PRODUCT_NAME = "$(TARGET_NAME)";
				SKIP_INSTALL = YES;
				SWIFT_INCLUDE_PATHS = "$(PROJECT_DIR)/Source/AxziplinNet.h";
				SWIFT_VERSION = 3.0;
			};
			name = Release;
		};
		DC9CAA161EA7A17F002D5F03 /* Debug */ = {
			isa = XCBuildConfiguration;
			buildSettings = {
				CLANG_ENABLE_MODULES = YES;
				CODE_SIGN_IDENTITY = "";
				COMBINE_HIDPI_IMAGES = YES;
				DEFINES_MODULE = YES;
				DEVELOPMENT_TEAM = 67DW4J3U7D;
				DYLIB_COMPATIBILITY_VERSION = 1;
				DYLIB_CURRENT_VERSION = 1;
				DYLIB_INSTALL_NAME_BASE = "@rpath";
				FRAMEWORK_VERSION = A;
				INFOPLIST_FILE = "$(SRCROOT)/Supporting Files/Info.plist";
				INSTALL_PATH = "$(LOCAL_LIBRARY_DIR)/Frameworks";
				LD_RUNPATH_SEARCH_PATHS = "$(inherited) @executable_path/../Frameworks @loader_path/Frameworks";
				PRODUCT_BUNDLE_IDENTIFIER = devedbox.AxziplinNet;
				PRODUCT_NAME = AxziplinNet;
				SDKROOT = iphoneos;
				SKIP_INSTALL = YES;
				SWIFT_INCLUDE_PATHS = "$(PROJECT_DIR)/Source/AxziplinNet.h";
				SWIFT_OPTIMIZATION_LEVEL = "-Onone";
				SWIFT_VERSION = 3.0;
			};
			name = Debug;
		};
		DC9CAA171EA7A17F002D5F03 /* Release */ = {
			isa = XCBuildConfiguration;
			buildSettings = {
				CLANG_ENABLE_MODULES = YES;
				CODE_SIGN_IDENTITY = "";
				COMBINE_HIDPI_IMAGES = YES;
				DEFINES_MODULE = YES;
				DEVELOPMENT_TEAM = 67DW4J3U7D;
				DYLIB_COMPATIBILITY_VERSION = 1;
				DYLIB_CURRENT_VERSION = 1;
				DYLIB_INSTALL_NAME_BASE = "@rpath";
				FRAMEWORK_VERSION = A;
				INFOPLIST_FILE = "$(SRCROOT)/Supporting Files/Info.plist";
				INSTALL_PATH = "$(LOCAL_LIBRARY_DIR)/Frameworks";
				LD_RUNPATH_SEARCH_PATHS = "$(inherited) @executable_path/../Frameworks @loader_path/Frameworks";
				PRODUCT_BUNDLE_IDENTIFIER = devedbox.AxziplinNet;
				PRODUCT_NAME = AxziplinNet;
				SDKROOT = iphoneos;
				SKIP_INSTALL = YES;
				SWIFT_INCLUDE_PATHS = "$(PROJECT_DIR)/Source/AxziplinNet.h";
				SWIFT_VERSION = 3.0;
			};
			name = Release;
		};
		DCD9B5ED1EA7847500DDB021 /* Debug */ = {
			isa = XCBuildConfiguration;
			buildSettings = {
				COMBINE_HIDPI_IMAGES = YES;
				DEVELOPMENT_TEAM = TKA48YVS5T;
				INFOPLIST_FILE = Tests/Info.plist;
				LD_RUNPATH_SEARCH_PATHS = "$(inherited) @executable_path/../Frameworks @loader_path/../Frameworks";
				PRODUCT_BUNDLE_IDENTIFIER = com.jiangyou.Tests;
				PRODUCT_NAME = "$(TARGET_NAME)";
				SWIFT_VERSION = 3.0;
			};
			name = Debug;
		};
		DCD9B5EE1EA7847500DDB021 /* Release */ = {
			isa = XCBuildConfiguration;
			buildSettings = {
				COMBINE_HIDPI_IMAGES = YES;
				DEVELOPMENT_TEAM = TKA48YVS5T;
				INFOPLIST_FILE = Tests/Info.plist;
				LD_RUNPATH_SEARCH_PATHS = "$(inherited) @executable_path/../Frameworks @loader_path/../Frameworks";
				PRODUCT_BUNDLE_IDENTIFIER = com.jiangyou.Tests;
				PRODUCT_NAME = "$(TARGET_NAME)";
				SWIFT_VERSION = 3.0;
			};
			name = Release;
		};
/* End XCBuildConfiguration section */

/* Begin XCConfigurationList section */
		DC18851F1EA7458C00343356 /* Build configuration list for PBXProject "AxziplinNet" */ = {
			isa = XCConfigurationList;
			buildConfigurations = (
				DC1885371EA7458C00343356 /* Debug */,
				DC1885381EA7458C00343356 /* Release */,
			);
			defaultConfigurationIsVisible = 0;
			defaultConfigurationName = Release;
		};
		DC1885391EA7458C00343356 /* Build configuration list for PBXNativeTarget "AxziplinNet" */ = {
			isa = XCConfigurationList;
			buildConfigurations = (
				DC18853A1EA7458C00343356 /* Debug */,
				DC18853B1EA7458C00343356 /* Release */,
			);
			defaultConfigurationIsVisible = 0;
			defaultConfigurationName = Release;
		};
		DC9CAA151EA7A17F002D5F03 /* Build configuration list for PBXNativeTarget "AxziplinNet iOS" */ = {
			isa = XCConfigurationList;
			buildConfigurations = (
				DC9CAA161EA7A17F002D5F03 /* Debug */,
				DC9CAA171EA7A17F002D5F03 /* Release */,
			);
			defaultConfigurationIsVisible = 0;
			defaultConfigurationName = Release;
		};
		DCD9B5EF1EA7847500DDB021 /* Build configuration list for PBXNativeTarget "Tests" */ = {
			isa = XCConfigurationList;
			buildConfigurations = (
				DCD9B5ED1EA7847500DDB021 /* Debug */,
				DCD9B5EE1EA7847500DDB021 /* Release */,
			);
			defaultConfigurationIsVisible = 0;
			defaultConfigurationName = Release;
		};
/* End XCConfigurationList section */
	};
	rootObject = DC18851C1EA7458C00343356 /* Project object */;
}
