// !$*UTF8*$!
{
	archiveVersion = 1;
	classes = {
	};
	objectVersion = 46;
	objects = {

/* Begin PBXBuildFile section */
		DC7F7CD01EAAF51F00BC5837 /* main.swift in Sources */ = {isa = PBXBuildFile; fileRef = DC7F7CCF1EAAF51F00BC5837 /* main.swift */; };
		DC7F7D001EAAFAFD00BC5837 /* AxziplinNet.framework in Frameworks */ = {isa = PBXBuildFile; fileRef = DC7F7CFB1EAAFADC00BC5837 /* AxziplinNet.framework */; };
/* End PBXBuildFile section */

/* Begin PBXContainerItemProxy section */
		DC7F7CFA1EAAFADC00BC5837 /* PBXContainerItemProxy */ = {
			isa = PBXContainerItemProxy;
			containerPortal = DC7F7CF41EAAFADC00BC5837 /* AxziplinNet.xcodeproj */;
			proxyType = 2;
			remoteGlobalIDString = DC1885251EA7458C00343356;
			remoteInfo = AxziplinNet;
		};
		DC7F7CFC1EAAFADC00BC5837 /* PBXContainerItemProxy */ = {
			isa = PBXContainerItemProxy;
			containerPortal = DC7F7CF41EAAFADC00BC5837 /* AxziplinNet.xcodeproj */;
			proxyType = 2;
			remoteGlobalIDString = DCD9B5E51EA7847500DDB021;
			remoteInfo = Tests;
		};
		DC7F7CFE1EAAFADC00BC5837 /* PBXContainerItemProxy */ = {
			isa = PBXContainerItemProxy;
			containerPortal = DC7F7CF41EAAFADC00BC5837 /* AxziplinNet.xcodeproj */;
			proxyType = 2;
			remoteGlobalIDString = DC9CAA181EA7A17F002D5F03;
			remoteInfo = "AxziplinNet iOS";
		};
/* End PBXContainerItemProxy section */

/* Begin PBXCopyFilesBuildPhase section */
		DC7F7CCA1EAAF51F00BC5837 /* CopyFiles */ = {
			isa = PBXCopyFilesBuildPhase;
			buildActionMask = 12;
			dstPath = usr/share/man/man1;
			dstSubfolderSpec = 10;
			files = (
			);
			runOnlyForDeploymentPostprocessing = 0;
		};
/* End PBXCopyFilesBuildPhase section */

/* Begin PBXFileReference section */
		DC7F7CCC1EAAF51F00BC5837 /* Example */ = {isa = PBXFileReference; explicitFileType = "compiled.mach-o.executable"; includeInIndex = 0; path = Example; sourceTree = BUILT_PRODUCTS_DIR; };
		DC7F7CCF1EAAF51F00BC5837 /* main.swift */ = {isa = PBXFileReference; lastKnownFileType = sourcecode.swift; path = main.swift; sourceTree = "<group>"; };
		DC7F7CF41EAAFADC00BC5837 /* AxziplinNet.xcodeproj */ = {isa = PBXFileReference; lastKnownFileType = "wrapper.pb-project"; name = AxziplinNet.xcodeproj; path = ../../../AxziplinNet.xcodeproj; sourceTree = "<group>"; };
/* End PBXFileReference section */

/* Begin PBXFrameworksBuildPhase section */
		DC7F7CC91EAAF51F00BC5837 /* Frameworks */ = {
			isa = PBXFrameworksBuildPhase;
			buildActionMask = 2147483647;
			files = (
				DC7F7D001EAAFAFD00BC5837 /* AxziplinNet.framework in Frameworks */,
			);
			runOnlyForDeploymentPostprocessing = 0;
		};
/* End PBXFrameworksBuildPhase section */

/* Begin PBXGroup section */
		DC7F7CC31EAAF51F00BC5837 = {
			isa = PBXGroup;
			children = (
				DC7F7CCE1EAAF51F00BC5837 /* Example */,
				DC7F7CCD1EAAF51F00BC5837 /* Products */,
				DC7F7CDE1EAAF54A00BC5837 /* Frameworks */,
				DC7F7CF41EAAFADC00BC5837 /* AxziplinNet.xcodeproj */,
			);
			sourceTree = "<group>";
		};
		DC7F7CCD1EAAF51F00BC5837 /* Products */ = {
			isa = PBXGroup;
			children = (
				DC7F7CCC1EAAF51F00BC5837 /* Example */,
			);
			name = Products;
			sourceTree = "<group>";
		};
		DC7F7CCE1EAAF51F00BC5837 /* Example */ = {
			isa = PBXGroup;
			children = (
				DC7F7CCF1EAAF51F00BC5837 /* main.swift */,
			);
			path = Example;
			sourceTree = "<group>";
		};
		DC7F7CDE1EAAF54A00BC5837 /* Frameworks */ = {
			isa = PBXGroup;
			children = (
			);
			name = Frameworks;
			sourceTree = "<group>";
		};
		DC7F7CF51EAAFADC00BC5837 /* Products */ = {
			isa = PBXGroup;
			children = (
				DC7F7CFB1EAAFADC00BC5837 /* AxziplinNet.framework */,
				DC7F7CFD1EAAFADC00BC5837 /* Tests.xctest */,
				DC7F7CFF1EAAFADC00BC5837 /* AxziplinNet.framework */,
			);
			name = Products;
			sourceTree = "<group>";
		};
/* End PBXGroup section */

/* Begin PBXNativeTarget section */
		DC7F7CCB1EAAF51F00BC5837 /* Example */ = {
			isa = PBXNativeTarget;
			buildConfigurationList = DC7F7CD31EAAF51F00BC5837 /* Build configuration list for PBXNativeTarget "Example" */;
			buildPhases = (
				DC7F7CC81EAAF51F00BC5837 /* Sources */,
				DC7F7CC91EAAF51F00BC5837 /* Frameworks */,
				DC7F7CCA1EAAF51F00BC5837 /* CopyFiles */,
			);
			buildRules = (
			);
			dependencies = (
			);
			name = Example;
			productName = Example;
			productReference = DC7F7CCC1EAAF51F00BC5837 /* Example */;
			productType = "com.apple.product-type.tool";
		};
/* End PBXNativeTarget section */

/* Begin PBXProject section */
		DC7F7CC41EAAF51F00BC5837 /* Project object */ = {
			isa = PBXProject;
			attributes = {
				LastSwiftUpdateCheck = 0830;
				LastUpgradeCheck = 0830;
				ORGANIZATIONNAME = jiangyou;
				TargetAttributes = {
					DC7F7CCB1EAAF51F00BC5837 = {
						CreatedOnToolsVersion = 8.3.1;
						DevelopmentTeam = TKA48YVS5T;
						ProvisioningStyle = Automatic;
					};
				};
			};
			buildConfigurationList = DC7F7CC71EAAF51F00BC5837 /* Build configuration list for PBXProject "Example" */;
			compatibilityVersion = "Xcode 3.2";
			developmentRegion = English;
			hasScannedForEncodings = 0;
			knownRegions = (
				en,
			);
			mainGroup = DC7F7CC31EAAF51F00BC5837;
			productRefGroup = DC7F7CCD1EAAF51F00BC5837 /* Products */;
			projectDirPath = "";
			projectReferences = (
				{
					ProductGroup = DC7F7CF51EAAFADC00BC5837 /* Products */;
					ProjectRef = DC7F7CF41EAAFADC00BC5837 /* AxziplinNet.xcodeproj */;
				},
			);
			projectRoot = "";
			targets = (
				DC7F7CCB1EAAF51F00BC5837 /* Example */,
			);
		};
/* End PBXProject section */

/* Begin PBXReferenceProxy section */
		DC7F7CFB1EAAFADC00BC5837 /* AxziplinNet.framework */ = {
			isa = PBXReferenceProxy;
			fileType = wrapper.framework;
			path = AxziplinNet.framework;
			remoteRef = DC7F7CFA1EAAFADC00BC5837 /* PBXContainerItemProxy */;
			sourceTree = BUILT_PRODUCTS_DIR;
		};
		DC7F7CFD1EAAFADC00BC5837 /* Tests.xctest */ = {
			isa = PBXReferenceProxy;
			fileType = wrapper.cfbundle;
			path = Tests.xctest;
			remoteRef = DC7F7CFC1EAAFADC00BC5837 /* PBXContainerItemProxy */;
			sourceTree = BUILT_PRODUCTS_DIR;
		};
		DC7F7CFF1EAAFADC00BC5837 /* AxziplinNet.framework */ = {
			isa = PBXReferenceProxy;
			fileType = wrapper.framework;
			path = AxziplinNet.framework;
			remoteRef = DC7F7CFE1EAAFADC00BC5837 /* PBXContainerItemProxy */;
			sourceTree = BUILT_PRODUCTS_DIR;
		};
/* End PBXReferenceProxy section */

/* Begin PBXSourcesBuildPhase section */
		DC7F7CC81EAAF51F00BC5837 /* Sources */ = {
			isa = PBXSourcesBuildPhase;
			buildActionMask = 2147483647;
			files = (
				DC7F7CD01EAAF51F00BC5837 /* main.swift in Sources */,
			);
			runOnlyForDeploymentPostprocessing = 0;
		};
/* End PBXSourcesBuildPhase section */

/* Begin XCBuildConfiguration section */
		DC7F7CD11EAAF51F00BC5837 /* Debug */ = {
			isa = XCBuildConfiguration;
			buildSettings = {
				ALWAYS_SEARCH_USER_PATHS = NO;
				CLANG_ANALYZER_NONNULL = YES;
				CLANG_ANALYZER_NUMBER_OBJECT_CONVERSION = YES_AGGRESSIVE;
				CLANG_CXX_LANGUAGE_STANDARD = "gnu++0x";
				CLANG_CXX_LIBRARY = "libc++";
				CLANG_ENABLE_MODULES = YES;
				CLANG_ENABLE_OBJC_ARC = YES;
				CLANG_WARN_BOOL_CONVERSION = YES;
				CLANG_WARN_CONSTANT_CONVERSION = YES;
				CLANG_WARN_DIRECT_OBJC_ISA_USAGE = YES_ERROR;
				CLANG_WARN_DOCUMENTATION_COMMENTS = YES;
				CLANG_WARN_EMPTY_BODY = YES;
				CLANG_WARN_ENUM_CONVERSION = YES;
				CLANG_WARN_INFINITE_RECURSION = YES;
				CLANG_WARN_INT_CONVERSION = YES;
				CLANG_WARN_OBJC_ROOT_CLASS = YES_ERROR;
				CLANG_WARN_SUSPICIOUS_MOVE = YES;
				CLANG_WARN_UNREACHABLE_CODE = YES;
				CLANG_WARN__DUPLICATE_METHOD_MATCH = YES;
				CODE_SIGN_IDENTITY = "-";
				COPY_PHASE_STRIP = NO;
				DEBUG_INFORMATION_FORMAT = dwarf;
				ENABLE_STRICT_OBJC_MSGSEND = YES;
				ENABLE_TESTABILITY = YES;
				GCC_C_LANGUAGE_STANDARD = gnu99;
				GCC_DYNAMIC_NO_PIC = NO;
				GCC_NO_COMMON_BLOCKS = YES;
				GCC_OPTIMIZATION_LEVEL = 0;
				GCC_PREPROCESSOR_DEFINITIONS = (
					"DEBUG=1",
					"$(inherited)",
				);
				GCC_WARN_64_TO_32_BIT_CONVERSION = YES;
				GCC_WARN_ABOUT_RETURN_TYPE = YES_ERROR;
				GCC_WARN_UNDECLARED_SELECTOR = YES;
				GCC_WARN_UNINITIALIZED_AUTOS = YES_AGGRESSIVE;
				GCC_WARN_UNUSED_FUNCTION = YES;
				GCC_WARN_UNUSED_VARIABLE = YES;
				MACOSX_DEPLOYMENT_TARGET = 10.12;
				MTL_ENABLE_DEBUG_INFO = YES;
				ONLY_ACTIVE_ARCH = YES;
				SDKROOT = macosx;
				SWIFT_OPTIMIZATION_LEVEL = "-Onone";
			};
			name = Debug;
		};
		DC7F7CD21EAAF51F00BC5837 /* Release */ = {
			isa = XCBuildConfiguration;
			buildSettings = {
				ALWAYS_SEARCH_USER_PATHS = NO;
				CLANG_ANALYZER_NONNULL = YES;
				CLANG_ANALYZER_NUMBER_OBJECT_CONVERSION = YES_AGGRESSIVE;
				CLANG_CXX_LANGUAGE_STANDARD = "gnu++0x";
				CLANG_CXX_LIBRARY = "libc++";
				CLANG_ENABLE_MODULES = YES;
				CLANG_ENABLE_OBJC_ARC = YES;
				CLANG_WARN_BOOL_CONVERSION = YES;
				CLANG_WARN_CONSTANT_CONVERSION = YES;
				CLANG_WARN_DIRECT_OBJC_ISA_USAGE = YES_ERROR;
				CLANG_WARN_DOCUMENTATION_COMMENTS = YES;
				CLANG_WARN_EMPTY_BODY = YES;
				CLANG_WARN_ENUM_CONVERSION = YES;
				CLANG_WARN_INFINITE_RECURSION = YES;
				CLANG_WARN_INT_CONVERSION = YES;
				CLANG_WARN_OBJC_ROOT_CLASS = YES_ERROR;
				CLANG_WARN_SUSPICIOUS_MOVE = YES;
				CLANG_WARN_UNREACHABLE_CODE = YES;
				CLANG_WARN__DUPLICATE_METHOD_MATCH = YES;
				CODE_SIGN_IDENTITY = "-";
				COPY_PHASE_STRIP = NO;
				DEBUG_INFORMATION_FORMAT = "dwarf-with-dsym";
				ENABLE_NS_ASSERTIONS = NO;
				ENABLE_STRICT_OBJC_MSGSEND = YES;
				GCC_C_LANGUAGE_STANDARD = gnu99;
				GCC_NO_COMMON_BLOCKS = YES;
				GCC_WARN_64_TO_32_BIT_CONVERSION = YES;
				GCC_WARN_ABOUT_RETURN_TYPE = YES_ERROR;
				GCC_WARN_UNDECLARED_SELECTOR = YES;
				GCC_WARN_UNINITIALIZED_AUTOS = YES_AGGRESSIVE;
				GCC_WARN_UNUSED_FUNCTION = YES;
				GCC_WARN_UNUSED_VARIABLE = YES;
				MACOSX_DEPLOYMENT_TARGET = 10.12;
				MTL_ENABLE_DEBUG_INFO = NO;
				SDKROOT = macosx;
			};
			name = Release;
		};
		DC7F7CD41EAAF51F00BC5837 /* Debug */ = {
			isa = XCBuildConfiguration;
			buildSettings = {
				DEVELOPMENT_TEAM = TKA48YVS5T;
				FRAMEWORK_SEARCH_PATHS = (
					"$(inherited)",
					"$(USER_LIBRARY_DIR)/Mobile\\ Documents/com~apple~CloudDocs/Development/AxziplinNet/build/Debug",
					"$(USER_LIBRARY_DIR)/Mobile\\ Documents/com~apple~CloudDocs/Development/AxziplinNet/build/Debug-iphoneos",
				);
				LIBRARY_SEARCH_PATHS = (
					"$(inherited)",
					"$(SDKROOT)$(SYSTEM_LIBRARY_DIR)/PrivateFrameworks/Swift",
				);
				PRODUCT_NAME = "$(TARGET_NAME)";
				SWIFT_VERSION = 3.0;
			};
			name = Debug;
		};
		DC7F7CD51EAAF51F00BC5837 /* Release */ = {
			isa = XCBuildConfiguration;
			buildSettings = {
				DEVELOPMENT_TEAM = TKA48YVS5T;
				FRAMEWORK_SEARCH_PATHS = (
					"$(inherited)",
					"$(USER_LIBRARY_DIR)/Mobile\\ Documents/com~apple~CloudDocs/Development/AxziplinNet/build/Debug",
					"$(USER_LIBRARY_DIR)/Mobile\\ Documents/com~apple~CloudDocs/Development/AxziplinNet/build/Debug-iphoneos",
				);
				LIBRARY_SEARCH_PATHS = (
					"$(inherited)",
					"$(SDKROOT)$(SYSTEM_LIBRARY_DIR)/PrivateFrameworks/Swift",
				);
				PRODUCT_NAME = "$(TARGET_NAME)";
				SWIFT_VERSION = 3.0;
			};
			name = Release;
		};
/* End XCBuildConfiguration section */

/* Begin XCConfigurationList section */
		DC7F7CC71EAAF51F00BC5837 /* Build configuration list for PBXProject "Example" */ = {
			isa = XCConfigurationList;
			buildConfigurations = (
				DC7F7CD11EAAF51F00BC5837 /* Debug */,
				DC7F7CD21EAAF51F00BC5837 /* Release */,
			);
			defaultConfigurationIsVisible = 0;
			defaultConfigurationName = Release;
		};
		DC7F7CD31EAAF51F00BC5837 /* Build configuration list for PBXNativeTarget "Example" */ = {
			isa = XCConfigurationList;
			buildConfigurations = (
				DC7F7CD41EAAF51F00BC5837 /* Debug */,
				DC7F7CD51EAAF51F00BC5837 /* Release */,
			);
			defaultConfigurationIsVisible = 0;
		};
/* End XCConfigurationList section */
	};
	rootObject = DC7F7CC41EAAF51F00BC5837 /* Project object */;
}
